// !$*UTF8*$!
{
	archiveVersion = 1;
	classes = {
	};
	objectVersion = 56;
	objects = {

/* Begin PBXBuildFile section */
		A019AA6E2B524189008B65B6 /* Date+Extension.swift in Sources */ = {isa = PBXBuildFile; fileRef = A019AA6D2B524189008B65B6 /* Date+Extension.swift */; };
		A019AA752B5250E6008B65B6 /* MyChattingTableViewCell.swift in Sources */ = {isa = PBXBuildFile; fileRef = A019AA732B5250E6008B65B6 /* MyChattingTableViewCell.swift */; };
		A019AA762B5250E6008B65B6 /* MyChattingTableViewCell.xib in Resources */ = {isa = PBXBuildFile; fileRef = A019AA742B5250E6008B65B6 /* MyChattingTableViewCell.xib */; };
		A019AA792B5250F1008B65B6 /* OtherChattingTableViewCell.swift in Sources */ = {isa = PBXBuildFile; fileRef = A019AA772B5250F1008B65B6 /* OtherChattingTableViewCell.swift */; };
		A019AA7A2B5250F1008B65B6 /* OtherChattingTableViewCell.xib in Resources */ = {isa = PBXBuildFile; fileRef = A019AA782B5250F1008B65B6 /* OtherChattingTableViewCell.xib */; };
		A02D71F82B53BA0100B45A4C /* IQKeyboardManagerSwift in Frameworks */ = {isa = PBXBuildFile; productRef = A02D71F72B53BA0100B45A4C /* IQKeyboardManagerSwift */; };
		A02E53F42B4FD26D002AA832 /* Detail.storyboard in Resources */ = {isa = PBXBuildFile; fileRef = A02E53F32B4FD26D002AA832 /* Detail.storyboard */; };
		A02E53F62B4FD2E7002AA832 /* DetailViewController.swift in Sources */ = {isa = PBXBuildFile; fileRef = A02E53F52B4FD2E7002AA832 /* DetailViewController.swift */; };
		A02E53FA2B4FD3B1002AA832 /* DetailTableViewCell.swift in Sources */ = {isa = PBXBuildFile; fileRef = A02E53F82B4FD3B1002AA832 /* DetailTableViewCell.swift */; };
		A02E53FB2B4FD3B1002AA832 /* DetailTableViewCell.xib in Resources */ = {isa = PBXBuildFile; fileRef = A02E53F92B4FD3B1002AA832 /* DetailTableViewCell.xib */; };
		A02E53FE2B4FD473002AA832 /* ADTableViewCell.swift in Sources */ = {isa = PBXBuildFile; fileRef = A02E53FC2B4FD473002AA832 /* ADTableViewCell.swift */; };
		A02E53FF2B4FD473002AA832 /* ADTableViewCell.xib in Resources */ = {isa = PBXBuildFile; fileRef = A02E53FD2B4FD473002AA832 /* ADTableViewCell.xib */; };
		A02E54032B4FD616002AA832 /* TravelModel.swift in Sources */ = {isa = PBXBuildFile; fileRef = A02E54022B4FD616002AA832 /* TravelModel.swift */; };
		A04E4D222B4D32CB00F64770 /* AppDelegate.swift in Sources */ = {isa = PBXBuildFile; fileRef = A04E4D212B4D32CB00F64770 /* AppDelegate.swift */; };
		A04E4D242B4D32CB00F64770 /* SceneDelegate.swift in Sources */ = {isa = PBXBuildFile; fileRef = A04E4D232B4D32CB00F64770 /* SceneDelegate.swift */; };
		A04E4D262B4D32CB00F64770 /* TravelCityViewController.swift in Sources */ = {isa = PBXBuildFile; fileRef = A04E4D252B4D32CB00F64770 /* TravelCityViewController.swift */; };
		A04E4D292B4D32CB00F64770 /* Main.storyboard in Resources */ = {isa = PBXBuildFile; fileRef = A04E4D272B4D32CB00F64770 /* Main.storyboard */; };
		A04E4D2B2B4D32CC00F64770 /* Assets.xcassets in Resources */ = {isa = PBXBuildFile; fileRef = A04E4D2A2B4D32CC00F64770 /* Assets.xcassets */; };
		A04E4D2E2B4D32CC00F64770 /* LaunchScreen.storyboard in Resources */ = {isa = PBXBuildFile; fileRef = A04E4D2C2B4D32CC00F64770 /* LaunchScreen.storyboard */; };
		A04E4D362B4D332600F64770 /* CityInfo.swift in Sources */ = {isa = PBXBuildFile; fileRef = A04E4D352B4D332600F64770 /* CityInfo.swift */; };
		A04E4D3B2B4D346000F64770 /* TravelCity1CollectionViewController.swift in Sources */ = {isa = PBXBuildFile; fileRef = A04E4D3A2B4D346000F64770 /* TravelCity1CollectionViewController.swift */; };
		A04E4D3D2B4D36CA00F64770 /* TravelCity1CollectionViewCell.swift in Sources */ = {isa = PBXBuildFile; fileRef = A04E4D3C2B4D36CA00F64770 /* TravelCity1CollectionViewCell.swift */; };
		A04E4D402B4D38C400F64770 /* Kingfisher in Frameworks */ = {isa = PBXBuildFile; productRef = A04E4D3F2B4D38C400F64770 /* Kingfisher */; };
		A04E4D432B4D512F00F64770 /* TravelCity2CollectionViewController.swift in Sources */ = {isa = PBXBuildFile; fileRef = A04E4D422B4D512F00F64770 /* TravelCity2CollectionViewController.swift */; };
		A04E4D462B4D517A00F64770 /* TravelCity2CollectionViewCell.swift in Sources */ = {isa = PBXBuildFile; fileRef = A04E4D442B4D517A00F64770 /* TravelCity2CollectionViewCell.swift */; };
		A04E4D472B4D517A00F64770 /* TravelCity2CollectionViewCell.xib in Resources */ = {isa = PBXBuildFile; fileRef = A04E4D452B4D517A00F64770 /* TravelCity2CollectionViewCell.xib */; };
		A04E4D4D2B4D5B7B00F64770 /* TravelCity3CollectionViewCell.swift in Sources */ = {isa = PBXBuildFile; fileRef = A04E4D4B2B4D5B7B00F64770 /* TravelCity3CollectionViewCell.swift */; };
		A04E4D4E2B4D5B7B00F64770 /* TravelCity3CollectionViewCell.xib in Resources */ = {isa = PBXBuildFile; fileRef = A04E4D4C2B4D5B7B00F64770 /* TravelCity3CollectionViewCell.xib */; };
		A04E4D572B4D963400F64770 /* TravelCity3CollectionReusableView.swift in Sources */ = {isa = PBXBuildFile; fileRef = A04E4D552B4D963400F64770 /* TravelCity3CollectionReusableView.swift */; };
		A04E4D582B4D963400F64770 /* TravelCity3CollectionReusableView.xib in Resources */ = {isa = PBXBuildFile; fileRef = A04E4D562B4D963400F64770 /* TravelCity3CollectionReusableView.xib */; };
		A07C7D2B2B512658002FDDA2 /* ChattingViewController.swift in Sources */ = {isa = PBXBuildFile; fileRef = A07C7D2A2B512658002FDDA2 /* ChattingViewController.swift */; };
		A07C7D2D2B512660002FDDA2 /* Chatting.storyboard in Resources */ = {isa = PBXBuildFile; fileRef = A07C7D2C2B512660002FDDA2 /* Chatting.storyboard */; };
		A07C7D2F2B51267E002FDDA2 /* ChattingData.swift in Sources */ = {isa = PBXBuildFile; fileRef = A07C7D2E2B51267E002FDDA2 /* ChattingData.swift */; };
		A07C7D352B51276E002FDDA2 /* TravelTalkViewController.swift in Sources */ = {isa = PBXBuildFile; fileRef = A07C7D342B51276E002FDDA2 /* TravelTalkViewController.swift */; };
		A07C7D392B512B65002FDDA2 /* TravelTalkTableViewCell.swift in Sources */ = {isa = PBXBuildFile; fileRef = A07C7D372B512B65002FDDA2 /* TravelTalkTableViewCell.swift */; };
		A07C7D3A2B512B65002FDDA2 /* TravelTalkTableViewCell.xib in Resources */ = {isa = PBXBuildFile; fileRef = A07C7D382B512B65002FDDA2 /* TravelTalkTableViewCell.xib */; };
		A07C7D3C2B512C78002FDDA2 /* TravelTalk.storyboard in Resources */ = {isa = PBXBuildFile; fileRef = A07C7D3B2B512C78002FDDA2 /* TravelTalk.storyboard */; };
		A099AD292B552B0200B17B5B /* Protocol.swift in Sources */ = {isa = PBXBuildFile; fileRef = A099AD282B552B0200B17B5B /* Protocol.swift */; };
		E2E17A122BBD2D6500D09C55 /* RxCocoa in Frameworks */ = {isa = PBXBuildFile; productRef = E2E17A112BBD2D6500D09C55 /* RxCocoa */; };
		E2E17A142BBD2D6500D09C55 /* RxSwift in Frameworks */ = {isa = PBXBuildFile; productRef = E2E17A132BBD2D6500D09C55 /* RxSwift */; };
/* End PBXBuildFile section */

/* Begin PBXFileReference section */
		A019AA6D2B524189008B65B6 /* Date+Extension.swift */ = {isa = PBXFileReference; lastKnownFileType = sourcecode.swift; path = "Date+Extension.swift"; sourceTree = "<group>"; };
		A019AA732B5250E6008B65B6 /* MyChattingTableViewCell.swift */ = {isa = PBXFileReference; lastKnownFileType = sourcecode.swift; path = MyChattingTableViewCell.swift; sourceTree = "<group>"; };
		A019AA742B5250E6008B65B6 /* MyChattingTableViewCell.xib */ = {isa = PBXFileReference; lastKnownFileType = file.xib; path = MyChattingTableViewCell.xib; sourceTree = "<group>"; };
		A019AA772B5250F1008B65B6 /* OtherChattingTableViewCell.swift */ = {isa = PBXFileReference; lastKnownFileType = sourcecode.swift; path = OtherChattingTableViewCell.swift; sourceTree = "<group>"; };
		A019AA782B5250F1008B65B6 /* OtherChattingTableViewCell.xib */ = {isa = PBXFileReference; lastKnownFileType = file.xib; path = OtherChattingTableViewCell.xib; sourceTree = "<group>"; };
		A02E53F32B4FD26D002AA832 /* Detail.storyboard */ = {isa = PBXFileReference; lastKnownFileType = file.storyboard; path = Detail.storyboard; sourceTree = "<group>"; };
		A02E53F52B4FD2E7002AA832 /* DetailViewController.swift */ = {isa = PBXFileReference; lastKnownFileType = sourcecode.swift; path = DetailViewController.swift; sourceTree = "<group>"; };
		A02E53F82B4FD3B1002AA832 /* DetailTableViewCell.swift */ = {isa = PBXFileReference; lastKnownFileType = sourcecode.swift; path = DetailTableViewCell.swift; sourceTree = "<group>"; };
		A02E53F92B4FD3B1002AA832 /* DetailTableViewCell.xib */ = {isa = PBXFileReference; lastKnownFileType = file.xib; path = DetailTableViewCell.xib; sourceTree = "<group>"; };
		A02E53FC2B4FD473002AA832 /* ADTableViewCell.swift */ = {isa = PBXFileReference; lastKnownFileType = sourcecode.swift; path = ADTableViewCell.swift; sourceTree = "<group>"; };
		A02E53FD2B4FD473002AA832 /* ADTableViewCell.xib */ = {isa = PBXFileReference; lastKnownFileType = file.xib; path = ADTableViewCell.xib; sourceTree = "<group>"; };
		A02E54022B4FD616002AA832 /* TravelModel.swift */ = {isa = PBXFileReference; fileEncoding = 4; lastKnownFileType = sourcecode.swift; path = TravelModel.swift; sourceTree = "<group>"; };
		A04E4D1E2B4D32CB00F64770 /* TravelCity.app */ = {isa = PBXFileReference; explicitFileType = wrapper.application; includeInIndex = 0; path = TravelCity.app; sourceTree = BUILT_PRODUCTS_DIR; };
		A04E4D212B4D32CB00F64770 /* AppDelegate.swift */ = {isa = PBXFileReference; lastKnownFileType = sourcecode.swift; path = AppDelegate.swift; sourceTree = "<group>"; };
		A04E4D232B4D32CB00F64770 /* SceneDelegate.swift */ = {isa = PBXFileReference; lastKnownFileType = sourcecode.swift; path = SceneDelegate.swift; sourceTree = "<group>"; };
		A04E4D252B4D32CB00F64770 /* TravelCityViewController.swift */ = {isa = PBXFileReference; lastKnownFileType = sourcecode.swift; path = TravelCityViewController.swift; sourceTree = "<group>"; };
		A04E4D282B4D32CB00F64770 /* Base */ = {isa = PBXFileReference; lastKnownFileType = file.storyboard; name = Base; path = Base.lproj/Main.storyboard; sourceTree = "<group>"; };
		A04E4D2A2B4D32CC00F64770 /* Assets.xcassets */ = {isa = PBXFileReference; lastKnownFileType = folder.assetcatalog; path = Assets.xcassets; sourceTree = "<group>"; };
		A04E4D2D2B4D32CC00F64770 /* Base */ = {isa = PBXFileReference; lastKnownFileType = file.storyboard; name = Base; path = Base.lproj/LaunchScreen.storyboard; sourceTree = "<group>"; };
		A04E4D2F2B4D32CC00F64770 /* Info.plist */ = {isa = PBXFileReference; lastKnownFileType = text.plist.xml; path = Info.plist; sourceTree = "<group>"; };
		A04E4D352B4D332600F64770 /* CityInfo.swift */ = {isa = PBXFileReference; fileEncoding = 4; lastKnownFileType = sourcecode.swift; path = CityInfo.swift; sourceTree = "<group>"; };
		A04E4D3A2B4D346000F64770 /* TravelCity1CollectionViewController.swift */ = {isa = PBXFileReference; lastKnownFileType = sourcecode.swift; path = TravelCity1CollectionViewController.swift; sourceTree = "<group>"; };
		A04E4D3C2B4D36CA00F64770 /* TravelCity1CollectionViewCell.swift */ = {isa = PBXFileReference; lastKnownFileType = sourcecode.swift; path = TravelCity1CollectionViewCell.swift; sourceTree = "<group>"; };
		A04E4D422B4D512F00F64770 /* TravelCity2CollectionViewController.swift */ = {isa = PBXFileReference; lastKnownFileType = sourcecode.swift; path = TravelCity2CollectionViewController.swift; sourceTree = "<group>"; };
		A04E4D442B4D517A00F64770 /* TravelCity2CollectionViewCell.swift */ = {isa = PBXFileReference; lastKnownFileType = sourcecode.swift; path = TravelCity2CollectionViewCell.swift; sourceTree = "<group>"; };
		A04E4D452B4D517A00F64770 /* TravelCity2CollectionViewCell.xib */ = {isa = PBXFileReference; lastKnownFileType = file.xib; path = TravelCity2CollectionViewCell.xib; sourceTree = "<group>"; };
		A04E4D4B2B4D5B7B00F64770 /* TravelCity3CollectionViewCell.swift */ = {isa = PBXFileReference; lastKnownFileType = sourcecode.swift; path = TravelCity3CollectionViewCell.swift; sourceTree = "<group>"; };
		A04E4D4C2B4D5B7B00F64770 /* TravelCity3CollectionViewCell.xib */ = {isa = PBXFileReference; lastKnownFileType = file.xib; path = TravelCity3CollectionViewCell.xib; sourceTree = "<group>"; };
		A04E4D552B4D963400F64770 /* TravelCity3CollectionReusableView.swift */ = {isa = PBXFileReference; lastKnownFileType = sourcecode.swift; path = TravelCity3CollectionReusableView.swift; sourceTree = "<group>"; };
		A04E4D562B4D963400F64770 /* TravelCity3CollectionReusableView.xib */ = {isa = PBXFileReference; lastKnownFileType = file.xib; path = TravelCity3CollectionReusableView.xib; sourceTree = "<group>"; };
		A07C7D2A2B512658002FDDA2 /* ChattingViewController.swift */ = {isa = PBXFileReference; lastKnownFileType = sourcecode.swift; path = ChattingViewController.swift; sourceTree = "<group>"; };
		A07C7D2C2B512660002FDDA2 /* Chatting.storyboard */ = {isa = PBXFileReference; lastKnownFileType = file.storyboard; path = Chatting.storyboard; sourceTree = "<group>"; };
		A07C7D2E2B51267E002FDDA2 /* ChattingData.swift */ = {isa = PBXFileReference; fileEncoding = 4; lastKnownFileType = sourcecode.swift; path = ChattingData.swift; sourceTree = "<group>"; };
		A07C7D342B51276E002FDDA2 /* TravelTalkViewController.swift */ = {isa = PBXFileReference; lastKnownFileType = sourcecode.swift; path = TravelTalkViewController.swift; sourceTree = "<group>"; };
		A07C7D372B512B65002FDDA2 /* TravelTalkTableViewCell.swift */ = {isa = PBXFileReference; lastKnownFileType = sourcecode.swift; path = TravelTalkTableViewCell.swift; sourceTree = "<group>"; };
		A07C7D382B512B65002FDDA2 /* TravelTalkTableViewCell.xib */ = {isa = PBXFileReference; lastKnownFileType = file.xib; path = TravelTalkTableViewCell.xib; sourceTree = "<group>"; };
		A07C7D3B2B512C78002FDDA2 /* TravelTalk.storyboard */ = {isa = PBXFileReference; lastKnownFileType = file.storyboard; path = TravelTalk.storyboard; sourceTree = "<group>"; };
		A099AD282B552B0200B17B5B /* Protocol.swift */ = {isa = PBXFileReference; lastKnownFileType = sourcecode.swift; path = Protocol.swift; sourceTree = "<group>"; };
/* End PBXFileReference section */

/* Begin PBXFrameworksBuildPhase section */
		A04E4D1B2B4D32CB00F64770 /* Frameworks */ = {
			isa = PBXFrameworksBuildPhase;
			buildActionMask = 2147483647;
			files = (
				E2E17A122BBD2D6500D09C55 /* RxCocoa in Frameworks */,
				A04E4D402B4D38C400F64770 /* Kingfisher in Frameworks */,
				E2E17A142BBD2D6500D09C55 /* RxSwift in Frameworks */,
				A02D71F82B53BA0100B45A4C /* IQKeyboardManagerSwift in Frameworks */,
			);
			runOnlyForDeploymentPostprocessing = 0;
		};
/* End PBXFrameworksBuildPhase section */

/* Begin PBXGroup section */
		A019AA6C2B52417C008B65B6 /* Extension */ = {
			isa = PBXGroup;
			children = (
				A019AA6D2B524189008B65B6 /* Date+Extension.swift */,
			);
			path = Extension;
			sourceTree = "<group>";
		};
		A02E53F22B4FD25B002AA832 /* Detail */ = {
			isa = PBXGroup;
			children = (
				A02E53F72B4FD397002AA832 /* Cell */,
				A02E53F32B4FD26D002AA832 /* Detail.storyboard */,
				A02E53F52B4FD2E7002AA832 /* DetailViewController.swift */,
			);
			path = Detail;
			sourceTree = "<group>";
		};
		A02E53F72B4FD397002AA832 /* Cell */ = {
			isa = PBXGroup;
			children = (
				A02E53F82B4FD3B1002AA832 /* DetailTableViewCell.swift */,
				A02E53F92B4FD3B1002AA832 /* DetailTableViewCell.xib */,
				A02E53FC2B4FD473002AA832 /* ADTableViewCell.swift */,
				A02E53FD2B4FD473002AA832 /* ADTableViewCell.xib */,
			);
			path = Cell;
			sourceTree = "<group>";
		};
		A02E54002B4FD4F2002AA832 /* Home */ = {
			isa = PBXGroup;
			children = (
				A02E54052B50048D002AA832 /* HeaderView */,
				A02E54042B4FDCD4002AA832 /* Cell */,
				A04E4D252B4D32CB00F64770 /* TravelCityViewController.swift */,
			);
			path = Home;
			sourceTree = "<group>";
		};
		A02E54012B4FD607002AA832 /* Model */ = {
			isa = PBXGroup;
			children = (
				A04E4D352B4D332600F64770 /* CityInfo.swift */,
				A02E54022B4FD616002AA832 /* TravelModel.swift */,
				A07C7D2E2B51267E002FDDA2 /* ChattingData.swift */,
			);
			path = Model;
			sourceTree = "<group>";
		};
		A02E54042B4FDCD4002AA832 /* Cell */ = {
			isa = PBXGroup;
			children = (
				A04E4D4B2B4D5B7B00F64770 /* TravelCity3CollectionViewCell.swift */,
				A04E4D4C2B4D5B7B00F64770 /* TravelCity3CollectionViewCell.xib */,
			);
			path = Cell;
			sourceTree = "<group>";
		};
		A02E54052B50048D002AA832 /* HeaderView */ = {
			isa = PBXGroup;
			children = (
				A04E4D552B4D963400F64770 /* TravelCity3CollectionReusableView.swift */,
				A04E4D562B4D963400F64770 /* TravelCity3CollectionReusableView.xib */,
			);
			path = HeaderView;
			sourceTree = "<group>";
		};
		A04E4D152B4D32CB00F64770 = {
			isa = PBXGroup;
			children = (
				A04E4D202B4D32CB00F64770 /* TravelCity */,
				A04E4D1F2B4D32CB00F64770 /* Products */,
			);
			sourceTree = "<group>";
		};
		A04E4D1F2B4D32CB00F64770 /* Products */ = {
			isa = PBXGroup;
			children = (
				A04E4D1E2B4D32CB00F64770 /* TravelCity.app */,
			);
			name = Products;
			sourceTree = "<group>";
		};
		A04E4D202B4D32CB00F64770 /* TravelCity */ = {
			isa = PBXGroup;
			children = (
				E2E17A0F2BBD2C1F00D09C55 /* Protocol */,
				A019AA6C2B52417C008B65B6 /* Extension */,
				A02E54012B4FD607002AA832 /* Model */,
				A04E4D482B4D59E800F64770 /* Step3 */,
				A04E4D412B4D50EF00F64770 /* Step2 */,
				A04E4D372B4D334700F64770 /* Step1 */,
				A04E4D212B4D32CB00F64770 /* AppDelegate.swift */,
				A04E4D232B4D32CB00F64770 /* SceneDelegate.swift */,
				A04E4D272B4D32CB00F64770 /* Main.storyboard */,
				A04E4D2A2B4D32CC00F64770 /* Assets.xcassets */,
				A04E4D2C2B4D32CC00F64770 /* LaunchScreen.storyboard */,
				A04E4D2F2B4D32CC00F64770 /* Info.plist */,
			);
			path = TravelCity;
			sourceTree = "<group>";
		};
		A04E4D372B4D334700F64770 /* Step1 */ = {
			isa = PBXGroup;
			children = (
				A04E4D3A2B4D346000F64770 /* TravelCity1CollectionViewController.swift */,
				A04E4D3C2B4D36CA00F64770 /* TravelCity1CollectionViewCell.swift */,
			);
			path = Step1;
			sourceTree = "<group>";
		};
		A04E4D412B4D50EF00F64770 /* Step2 */ = {
			isa = PBXGroup;
			children = (
				A04E4D422B4D512F00F64770 /* TravelCity2CollectionViewController.swift */,
				A04E4D442B4D517A00F64770 /* TravelCity2CollectionViewCell.swift */,
				A04E4D452B4D517A00F64770 /* TravelCity2CollectionViewCell.xib */,
			);
			path = Step2;
			sourceTree = "<group>";
		};
		A04E4D482B4D59E800F64770 /* Step3 */ = {
			isa = PBXGroup;
			children = (
				A07C7D292B51264A002FDDA2 /* Chatting */,
				A02E54002B4FD4F2002AA832 /* Home */,
				A02E53F22B4FD25B002AA832 /* Detail */,
			);
			path = Step3;
			sourceTree = "<group>";
		};
		A07C7D292B51264A002FDDA2 /* Chatting */ = {
			isa = PBXGroup;
			children = (
				A07C7D362B51277A002FDDA2 /* Cell */,
				A07C7D2A2B512658002FDDA2 /* ChattingViewController.swift */,
				A07C7D2C2B512660002FDDA2 /* Chatting.storyboard */,
				A07C7D3B2B512C78002FDDA2 /* TravelTalk.storyboard */,
				A07C7D342B51276E002FDDA2 /* TravelTalkViewController.swift */,
			);
			path = Chatting;
			sourceTree = "<group>";
		};
		A07C7D362B51277A002FDDA2 /* Cell */ = {
			isa = PBXGroup;
			children = (
				A07C7D372B512B65002FDDA2 /* TravelTalkTableViewCell.swift */,
				A07C7D382B512B65002FDDA2 /* TravelTalkTableViewCell.xib */,
				A019AA732B5250E6008B65B6 /* MyChattingTableViewCell.swift */,
				A019AA742B5250E6008B65B6 /* MyChattingTableViewCell.xib */,
				A019AA772B5250F1008B65B6 /* OtherChattingTableViewCell.swift */,
				A019AA782B5250F1008B65B6 /* OtherChattingTableViewCell.xib */,
			);
			path = Cell;
			sourceTree = "<group>";
		};
		E2E17A0F2BBD2C1F00D09C55 /* Protocol */ = {
			isa = PBXGroup;
			children = (
				A099AD282B552B0200B17B5B /* Protocol.swift */,
			);
			path = Protocol;
			sourceTree = "<group>";
		};
/* End PBXGroup section */

/* Begin PBXNativeTarget section */
		A04E4D1D2B4D32CB00F64770 /* TravelCity */ = {
			isa = PBXNativeTarget;
			buildConfigurationList = A04E4D322B4D32CC00F64770 /* Build configuration list for PBXNativeTarget "TravelCity" */;
			buildPhases = (
				A04E4D1A2B4D32CB00F64770 /* Sources */,
				A04E4D1B2B4D32CB00F64770 /* Frameworks */,
				A04E4D1C2B4D32CB00F64770 /* Resources */,
			);
			buildRules = (
			);
			dependencies = (
			);
			name = TravelCity;
			packageProductDependencies = (
				A04E4D3F2B4D38C400F64770 /* Kingfisher */,
				A02D71F72B53BA0100B45A4C /* IQKeyboardManagerSwift */,
				E2E17A112BBD2D6500D09C55 /* RxCocoa */,
				E2E17A132BBD2D6500D09C55 /* RxSwift */,
			);
			productName = TravelCity;
			productReference = A04E4D1E2B4D32CB00F64770 /* TravelCity.app */;
			productType = "com.apple.product-type.application";
		};
/* End PBXNativeTarget section */

/* Begin PBXProject section */
		A04E4D162B4D32CB00F64770 /* Project object */ = {
			isa = PBXProject;
			attributes = {
				BuildIndependentTargetsInParallel = 1;
				LastSwiftUpdateCheck = 1510;
				LastUpgradeCheck = 1510;
				TargetAttributes = {
					A04E4D1D2B4D32CB00F64770 = {
						CreatedOnToolsVersion = 15.1;
					};
				};
			};
			buildConfigurationList = A04E4D192B4D32CB00F64770 /* Build configuration list for PBXProject "TravelCity" */;
			compatibilityVersion = "Xcode 14.0";
			developmentRegion = en;
			hasScannedForEncodings = 0;
			knownRegions = (
				en,
				Base,
			);
			mainGroup = A04E4D152B4D32CB00F64770;
			packageReferences = (
				A04E4D3E2B4D38C400F64770 /* XCRemoteSwiftPackageReference "Kingfisher" */,
				A02D71F62B53BA0100B45A4C /* XCRemoteSwiftPackageReference "IQKeyboardManager" */,
				E2E17A102BBD2D6500D09C55 /* XCRemoteSwiftPackageReference "RxSwift" */,
			);
			productRefGroup = A04E4D1F2B4D32CB00F64770 /* Products */;
			projectDirPath = "";
			projectRoot = "";
			targets = (
				A04E4D1D2B4D32CB00F64770 /* TravelCity */,
			);
		};
/* End PBXProject section */

/* Begin PBXResourcesBuildPhase section */
		A04E4D1C2B4D32CB00F64770 /* Resources */ = {
			isa = PBXResourcesBuildPhase;
			buildActionMask = 2147483647;
			files = (
				A02E53FF2B4FD473002AA832 /* ADTableViewCell.xib in Resources */,
				A04E4D2E2B4D32CC00F64770 /* LaunchScreen.storyboard in Resources */,
				A019AA7A2B5250F1008B65B6 /* OtherChattingTableViewCell.xib in Resources */,
				A04E4D4E2B4D5B7B00F64770 /* TravelCity3CollectionViewCell.xib in Resources */,
				A04E4D582B4D963400F64770 /* TravelCity3CollectionReusableView.xib in Resources */,
				A07C7D2D2B512660002FDDA2 /* Chatting.storyboard in Resources */,
				A04E4D2B2B4D32CC00F64770 /* Assets.xcassets in Resources */,
				A07C7D3C2B512C78002FDDA2 /* TravelTalk.storyboard in Resources */,
				A02E53F42B4FD26D002AA832 /* Detail.storyboard in Resources */,
				A04E4D472B4D517A00F64770 /* TravelCity2CollectionViewCell.xib in Resources */,
				A07C7D3A2B512B65002FDDA2 /* TravelTalkTableViewCell.xib in Resources */,
				A02E53FB2B4FD3B1002AA832 /* DetailTableViewCell.xib in Resources */,
				A04E4D292B4D32CB00F64770 /* Main.storyboard in Resources */,
				A019AA762B5250E6008B65B6 /* MyChattingTableViewCell.xib in Resources */,
			);
			runOnlyForDeploymentPostprocessing = 0;
		};
/* End PBXResourcesBuildPhase section */

/* Begin PBXSourcesBuildPhase section */
		A04E4D1A2B4D32CB00F64770 /* Sources */ = {
			isa = PBXSourcesBuildPhase;
			buildActionMask = 2147483647;
			files = (
				A02E53F62B4FD2E7002AA832 /* DetailViewController.swift in Sources */,
				A04E4D572B4D963400F64770 /* TravelCity3CollectionReusableView.swift in Sources */,
				A04E4D262B4D32CB00F64770 /* TravelCityViewController.swift in Sources */,
				A019AA752B5250E6008B65B6 /* MyChattingTableViewCell.swift in Sources */,
				A02E53FE2B4FD473002AA832 /* ADTableViewCell.swift in Sources */,
				A04E4D222B4D32CB00F64770 /* AppDelegate.swift in Sources */,
				A04E4D3B2B4D346000F64770 /* TravelCity1CollectionViewController.swift in Sources */,
				A07C7D2B2B512658002FDDA2 /* ChattingViewController.swift in Sources */,
				A07C7D352B51276E002FDDA2 /* TravelTalkViewController.swift in Sources */,
				A04E4D362B4D332600F64770 /* CityInfo.swift in Sources */,
				A02E54032B4FD616002AA832 /* TravelModel.swift in Sources */,
				A07C7D2F2B51267E002FDDA2 /* ChattingData.swift in Sources */,
				A02E53FA2B4FD3B1002AA832 /* DetailTableViewCell.swift in Sources */,
				A04E4D432B4D512F00F64770 /* TravelCity2CollectionViewController.swift in Sources */,
				A04E4D242B4D32CB00F64770 /* SceneDelegate.swift in Sources */,
				A04E4D462B4D517A00F64770 /* TravelCity2CollectionViewCell.swift in Sources */,
				A019AA792B5250F1008B65B6 /* OtherChattingTableViewCell.swift in Sources */,
				A099AD292B552B0200B17B5B /* Protocol.swift in Sources */,
				A04E4D3D2B4D36CA00F64770 /* TravelCity1CollectionViewCell.swift in Sources */,
				A04E4D4D2B4D5B7B00F64770 /* TravelCity3CollectionViewCell.swift in Sources */,
				A019AA6E2B524189008B65B6 /* Date+Extension.swift in Sources */,
				A07C7D392B512B65002FDDA2 /* TravelTalkTableViewCell.swift in Sources */,
			);
			runOnlyForDeploymentPostprocessing = 0;
		};
/* End PBXSourcesBuildPhase section */

/* Begin PBXVariantGroup section */
		A04E4D272B4D32CB00F64770 /* Main.storyboard */ = {
			isa = PBXVariantGroup;
			children = (
				A04E4D282B4D32CB00F64770 /* Base */,
			);
			name = Main.storyboard;
			sourceTree = "<group>";
		};
		A04E4D2C2B4D32CC00F64770 /* LaunchScreen.storyboard */ = {
			isa = PBXVariantGroup;
			children = (
				A04E4D2D2B4D32CC00F64770 /* Base */,
			);
			name = LaunchScreen.storyboard;
			sourceTree = "<group>";
		};
/* End PBXVariantGroup section */

/* Begin XCBuildConfiguration section */
		A04E4D302B4D32CC00F64770 /* Debug */ = {
			isa = XCBuildConfiguration;
			buildSettings = {
				ALWAYS_SEARCH_USER_PATHS = NO;
				ASSETCATALOG_COMPILER_GENERATE_SWIFT_ASSET_SYMBOL_EXTENSIONS = YES;
				CLANG_ANALYZER_NONNULL = YES;
				CLANG_ANALYZER_NUMBER_OBJECT_CONVERSION = YES_AGGRESSIVE;
				CLANG_CXX_LANGUAGE_STANDARD = "gnu++20";
				CLANG_ENABLE_MODULES = YES;
				CLANG_ENABLE_OBJC_ARC = YES;
				CLANG_ENABLE_OBJC_WEAK = YES;
				CLANG_WARN_BLOCK_CAPTURE_AUTORELEASING = YES;
				CLANG_WARN_BOOL_CONVERSION = YES;
				CLANG_WARN_COMMA = YES;
				CLANG_WARN_CONSTANT_CONVERSION = YES;
				CLANG_WARN_DEPRECATED_OBJC_IMPLEMENTATIONS = YES;
				CLANG_WARN_DIRECT_OBJC_ISA_USAGE = YES_ERROR;
				CLANG_WARN_DOCUMENTATION_COMMENTS = YES;
				CLANG_WARN_EMPTY_BODY = YES;
				CLANG_WARN_ENUM_CONVERSION = YES;
				CLANG_WARN_INFINITE_RECURSION = YES;
				CLANG_WARN_INT_CONVERSION = YES;
				CLANG_WARN_NON_LITERAL_NULL_CONVERSION = YES;
				CLANG_WARN_OBJC_IMPLICIT_RETAIN_SELF = YES;
				CLANG_WARN_OBJC_LITERAL_CONVERSION = YES;
				CLANG_WARN_OBJC_ROOT_CLASS = YES_ERROR;
				CLANG_WARN_QUOTED_INCLUDE_IN_FRAMEWORK_HEADER = YES;
				CLANG_WARN_RANGE_LOOP_ANALYSIS = YES;
				CLANG_WARN_STRICT_PROTOTYPES = YES;
				CLANG_WARN_SUSPICIOUS_MOVE = YES;
				CLANG_WARN_UNGUARDED_AVAILABILITY = YES_AGGRESSIVE;
				CLANG_WARN_UNREACHABLE_CODE = YES;
				CLANG_WARN__DUPLICATE_METHOD_MATCH = YES;
				COPY_PHASE_STRIP = NO;
				DEBUG_INFORMATION_FORMAT = dwarf;
				ENABLE_STRICT_OBJC_MSGSEND = YES;
				ENABLE_TESTABILITY = YES;
				ENABLE_USER_SCRIPT_SANDBOXING = YES;
				GCC_C_LANGUAGE_STANDARD = gnu17;
				GCC_DYNAMIC_NO_PIC = NO;
				GCC_NO_COMMON_BLOCKS = YES;
				GCC_OPTIMIZATION_LEVEL = 0;
				GCC_PREPROCESSOR_DEFINITIONS = (
					"DEBUG=1",
					"$(inherited)",
				);
				GCC_WARN_64_TO_32_BIT_CONVERSION = YES;
				GCC_WARN_ABOUT_RETURN_TYPE = YES_ERROR;
				GCC_WARN_UNDECLARED_SELECTOR = YES;
				GCC_WARN_UNINITIALIZED_AUTOS = YES_AGGRESSIVE;
				GCC_WARN_UNUSED_FUNCTION = YES;
				GCC_WARN_UNUSED_VARIABLE = YES;
				IPHONEOS_DEPLOYMENT_TARGET = 17.0;
				LOCALIZATION_PREFERS_STRING_CATALOGS = YES;
				MTL_ENABLE_DEBUG_INFO = INCLUDE_SOURCE;
				MTL_FAST_MATH = YES;
				ONLY_ACTIVE_ARCH = YES;
				SDKROOT = iphoneos;
				SWIFT_ACTIVE_COMPILATION_CONDITIONS = "DEBUG $(inherited)";
				SWIFT_OPTIMIZATION_LEVEL = "-Onone";
			};
			name = Debug;
		};
		A04E4D312B4D32CC00F64770 /* Release */ = {
			isa = XCBuildConfiguration;
			buildSettings = {
				ALWAYS_SEARCH_USER_PATHS = NO;
				ASSETCATALOG_COMPILER_GENERATE_SWIFT_ASSET_SYMBOL_EXTENSIONS = YES;
				CLANG_ANALYZER_NONNULL = YES;
				CLANG_ANALYZER_NUMBER_OBJECT_CONVERSION = YES_AGGRESSIVE;
				CLANG_CXX_LANGUAGE_STANDARD = "gnu++20";
				CLANG_ENABLE_MODULES = YES;
				CLANG_ENABLE_OBJC_ARC = YES;
				CLANG_ENABLE_OBJC_WEAK = YES;
				CLANG_WARN_BLOCK_CAPTURE_AUTORELEASING = YES;
				CLANG_WARN_BOOL_CONVERSION = YES;
				CLANG_WARN_COMMA = YES;
				CLANG_WARN_CONSTANT_CONVERSION = YES;
				CLANG_WARN_DEPRECATED_OBJC_IMPLEMENTATIONS = YES;
				CLANG_WARN_DIRECT_OBJC_ISA_USAGE = YES_ERROR;
				CLANG_WARN_DOCUMENTATION_COMMENTS = YES;
				CLANG_WARN_EMPTY_BODY = YES;
				CLANG_WARN_ENUM_CONVERSION = YES;
				CLANG_WARN_INFINITE_RECURSION = YES;
				CLANG_WARN_INT_CONVERSION = YES;
				CLANG_WARN_NON_LITERAL_NULL_CONVERSION = YES;
				CLANG_WARN_OBJC_IMPLICIT_RETAIN_SELF = YES;
				CLANG_WARN_OBJC_LITERAL_CONVERSION = YES;
				CLANG_WARN_OBJC_ROOT_CLASS = YES_ERROR;
				CLANG_WARN_QUOTED_INCLUDE_IN_FRAMEWORK_HEADER = YES;
				CLANG_WARN_RANGE_LOOP_ANALYSIS = YES;
				CLANG_WARN_STRICT_PROTOTYPES = YES;
				CLANG_WARN_SUSPICIOUS_MOVE = YES;
				CLANG_WARN_UNGUARDED_AVAILABILITY = YES_AGGRESSIVE;
				CLANG_WARN_UNREACHABLE_CODE = YES;
				CLANG_WARN__DUPLICATE_METHOD_MATCH = YES;
				COPY_PHASE_STRIP = NO;
				DEBUG_INFORMATION_FORMAT = "dwarf-with-dsym";
				ENABLE_NS_ASSERTIONS = NO;
				ENABLE_STRICT_OBJC_MSGSEND = YES;
				ENABLE_USER_SCRIPT_SANDBOXING = YES;
				GCC_C_LANGUAGE_STANDARD = gnu17;
				GCC_NO_COMMON_BLOCKS = YES;
				GCC_WARN_64_TO_32_BIT_CONVERSION = YES;
				GCC_WARN_ABOUT_RETURN_TYPE = YES_ERROR;
				GCC_WARN_UNDECLARED_SELECTOR = YES;
				GCC_WARN_UNINITIALIZED_AUTOS = YES_AGGRESSIVE;
				GCC_WARN_UNUSED_FUNCTION = YES;
				GCC_WARN_UNUSED_VARIABLE = YES;
				IPHONEOS_DEPLOYMENT_TARGET = 17.0;
				LOCALIZATION_PREFERS_STRING_CATALOGS = YES;
				MTL_ENABLE_DEBUG_INFO = NO;
				MTL_FAST_MATH = YES;
				SDKROOT = iphoneos;
				SWIFT_COMPILATION_MODE = wholemodule;
				VALIDATE_PRODUCT = YES;
			};
			name = Release;
		};
		A04E4D332B4D32CC00F64770 /* Debug */ = {
			isa = XCBuildConfiguration;
			buildSettings = {
				ASSETCATALOG_COMPILER_APPICON_NAME = AppIcon;
				ASSETCATALOG_COMPILER_GLOBAL_ACCENT_COLOR_NAME = AccentColor;
				CODE_SIGN_STYLE = Automatic;
				CURRENT_PROJECT_VERSION = 1;
				DEVELOPMENT_TEAM = 47VP7M3T34;
				GENERATE_INFOPLIST_FILE = YES;
				INFOPLIST_FILE = TravelCity/Info.plist;
				INFOPLIST_KEY_UIApplicationSupportsIndirectInputEvents = YES;
				INFOPLIST_KEY_UILaunchStoryboardName = LaunchScreen;
				INFOPLIST_KEY_UIMainStoryboardFile = Main;
				INFOPLIST_KEY_UISupportedInterfaceOrientations = UIInterfaceOrientationPortrait;
				INFOPLIST_KEY_UISupportedInterfaceOrientations_iPad = "UIInterfaceOrientationLandscapeLeft UIInterfaceOrientationLandscapeRight UIInterfaceOrientationPortrait UIInterfaceOrientationPortraitUpsideDown";
				IPHONEOS_DEPLOYMENT_TARGET = 17.0;
				LD_RUNPATH_SEARCH_PATHS = (
					"$(inherited)",
					"@executable_path/Frameworks",
				);
				MARKETING_VERSION = 1.0;
				PRODUCT_BUNDLE_IDENTIFIER = com.Seou.TravelCity;
				PRODUCT_NAME = "$(TARGET_NAME)";
				SUPPORTED_PLATFORMS = "iphoneos iphonesimulator";
				SUPPORTS_MACCATALYST = NO;
				SUPPORTS_MAC_DESIGNED_FOR_IPHONE_IPAD = NO;
				SUPPORTS_XR_DESIGNED_FOR_IPHONE_IPAD = NO;
				SWIFT_EMIT_LOC_STRINGS = YES;
				SWIFT_VERSION = 5.0;
				TARGETED_DEVICE_FAMILY = 1;
			};
			name = Debug;
		};
		A04E4D342B4D32CC00F64770 /* Release */ = {
			isa = XCBuildConfiguration;
			buildSettings = {
				ASSETCATALOG_COMPILER_APPICON_NAME = AppIcon;
				ASSETCATALOG_COMPILER_GLOBAL_ACCENT_COLOR_NAME = AccentColor;
				CODE_SIGN_STYLE = Automatic;
				CURRENT_PROJECT_VERSION = 1;
				DEVELOPMENT_TEAM = 47VP7M3T34;
				GENERATE_INFOPLIST_FILE = YES;
				INFOPLIST_FILE = TravelCity/Info.plist;
				INFOPLIST_KEY_UIApplicationSupportsIndirectInputEvents = YES;
				INFOPLIST_KEY_UILaunchStoryboardName = LaunchScreen;
				INFOPLIST_KEY_UIMainStoryboardFile = Main;
				INFOPLIST_KEY_UISupportedInterfaceOrientations = UIInterfaceOrientationPortrait;
				INFOPLIST_KEY_UISupportedInterfaceOrientations_iPad = "UIInterfaceOrientationLandscapeLeft UIInterfaceOrientationLandscapeRight UIInterfaceOrientationPortrait UIInterfaceOrientationPortraitUpsideDown";
				IPHONEOS_DEPLOYMENT_TARGET = 17.0;
				LD_RUNPATH_SEARCH_PATHS = (
					"$(inherited)",
					"@executable_path/Frameworks",
				);
				MARKETING_VERSION = 1.0;
				PRODUCT_BUNDLE_IDENTIFIER = com.Seou.TravelCity;
				PRODUCT_NAME = "$(TARGET_NAME)";
				SUPPORTED_PLATFORMS = "iphoneos iphonesimulator";
				SUPPORTS_MACCATALYST = NO;
				SUPPORTS_MAC_DESIGNED_FOR_IPHONE_IPAD = NO;
				SUPPORTS_XR_DESIGNED_FOR_IPHONE_IPAD = NO;
				SWIFT_EMIT_LOC_STRINGS = YES;
				SWIFT_VERSION = 5.0;
				TARGETED_DEVICE_FAMILY = 1;
			};
			name = Release;
		};
/* End XCBuildConfiguration section */

/* Begin XCConfigurationList section */
		A04E4D192B4D32CB00F64770 /* Build configuration list for PBXProject "TravelCity" */ = {
			isa = XCConfigurationList;
			buildConfigurations = (
				A04E4D302B4D32CC00F64770 /* Debug */,
				A04E4D312B4D32CC00F64770 /* Release */,
			);
			defaultConfigurationIsVisible = 0;
			defaultConfigurationName = Release;
		};
		A04E4D322B4D32CC00F64770 /* Build configuration list for PBXNativeTarget "TravelCity" */ = {
			isa = XCConfigurationList;
			buildConfigurations = (
				A04E4D332B4D32CC00F64770 /* Debug */,
				A04E4D342B4D32CC00F64770 /* Release */,
			);
			defaultConfigurationIsVisible = 0;
			defaultConfigurationName = Release;
		};
/* End XCConfigurationList section */

/* Begin XCRemoteSwiftPackageReference section */
		A02D71F62B53BA0100B45A4C /* XCRemoteSwiftPackageReference "IQKeyboardManager" */ = {
			isa = XCRemoteSwiftPackageReference;
			repositoryURL = "https://github.com/hackiftekhar/IQKeyboardManager.git";
			requirement = {
				kind = upToNextMajorVersion;
				minimumVersion = 7.0.0;
			};
		};
		A04E4D3E2B4D38C400F64770 /* XCRemoteSwiftPackageReference "Kingfisher" */ = {
			isa = XCRemoteSwiftPackageReference;
			repositoryURL = "https://github.com/onevcat/Kingfisher.git";
			requirement = {
				kind = upToNextMajorVersion;
				minimumVersion = 7.10.1;
			};
		};
		E2E17A102BBD2D6500D09C55 /* XCRemoteSwiftPackageReference "RxSwift" */ = {
			isa = XCRemoteSwiftPackageReference;
			repositoryURL = "https://github.com/ReactiveX/RxSwift.git";
			requirement = {
				kind = upToNextMajorVersion;
				minimumVersion = 6.6.0;
			};
		};
/* End XCRemoteSwiftPackageReference section */

/* Begin XCSwiftPackageProductDependency section */
		A02D71F72B53BA0100B45A4C /* IQKeyboardManagerSwift */ = {
			isa = XCSwiftPackageProductDependency;
			package = A02D71F62B53BA0100B45A4C /* XCRemoteSwiftPackageReference "IQKeyboardManager" */;
			productName = IQKeyboardManagerSwift;
		};
		A04E4D3F2B4D38C400F64770 /* Kingfisher */ = {
			isa = XCSwiftPackageProductDependency;
			package = A04E4D3E2B4D38C400F64770 /* XCRemoteSwiftPackageReference "Kingfisher" */;
			productName = Kingfisher;
		};
		E2E17A112BBD2D6500D09C55 /* RxCocoa */ = {
			isa = XCSwiftPackageProductDependency;
			package = E2E17A102BBD2D6500D09C55 /* XCRemoteSwiftPackageReference "RxSwift" */;
			productName = RxCocoa;
		};
		E2E17A132BBD2D6500D09C55 /* RxSwift */ = {
			isa = XCSwiftPackageProductDependency;
			package = E2E17A102BBD2D6500D09C55 /* XCRemoteSwiftPackageReference "RxSwift" */;
			productName = RxSwift;
		};
/* End XCSwiftPackageProductDependency section */
	};
	rootObject = A04E4D162B4D32CB00F64770 /* Project object */;
}
